
Microsoft Visual Studio Solution File, Format Version 12.00
# Visual Studio 14
VisualStudioVersion = 14.0.25420.1
MinimumVisualStudioVersion = 10.0.40219.1
Project("{8BB2217D-0F2D-49D1-97BC-3654ED321F3B}") = "Narochno.Credstash", "src\Narochno.Credstash\Narochno.Credstash.xproj", "{DBE6C0EC-E043-43D1-B3A3-CE599500AD38}"
EndProject
Project("{2150E333-8FDC-42A3-9474-1A3956D46DE8}") = "src", "src", "{7BDC2D25-EED2-4B3D-B4D8-9DC0C3F9A0E5}"
EndProject
Project("{8BB2217D-0F2D-49D1-97BC-3654ED321F3B}") = "CredstashTester", "test\CredstashTester\CredstashTester.xproj", "{886AF74A-73F4-48BD-8E23-2D18A834AC54}"
EndProject
Project("{2150E333-8FDC-42A3-9474-1A3956D46DE8}") = "test", "test", "{0A708342-7C8E-4915-90A5-D0C46A56FBCF}"
EndProject
Project("{8BB2217D-0F2D-49D1-97BC-3654ED321F3B}") = "Narochno.Credstash.Configuration", "src\Narochno.Credstash.Configuration\Narochno.Credstash.Configuration.xproj", "{260A9785-8389-4E72-A91D-0ED14DFBCB12}"
EndProject
Global
	GlobalSection(SolutionConfigurationPlatforms) = preSolution
		Debug|Any CPU = Debug|Any CPU
		Release|Any CPU = Release|Any CPU
	EndGlobalSection
	GlobalSection(ProjectConfigurationPlatforms) = postSolution
		{DBE6C0EC-E043-43D1-B3A3-CE599500AD38}.Debug|Any CPU.ActiveCfg = Debug|Any CPU
		{DBE6C0EC-E043-43D1-B3A3-CE599500AD38}.Debug|Any CPU.Build.0 = Debug|Any CPU
		{DBE6C0EC-E043-43D1-B3A3-CE599500AD38}.Release|Any CPU.ActiveCfg = Release|Any CPU
		{DBE6C0EC-E043-43D1-B3A3-CE599500AD38}.Release|Any CPU.Build.0 = Release|Any CPU
		{886AF74A-73F4-48BD-8E23-2D18A834AC54}.Debug|Any CPU.ActiveCfg = Debug|Any CPU
		{886AF74A-73F4-48BD-8E23-2D18A834AC54}.Debug|Any CPU.Build.0 = Debug|Any CPU
		{886AF74A-73F4-48BD-8E23-2D18A834AC54}.Release|Any CPU.ActiveCfg = Release|Any CPU
		{886AF74A-73F4-48BD-8E23-2D18A834AC54}.Release|Any CPU.Build.0 = Release|Any CPU
		{260A9785-8389-4E72-A91D-0ED14DFBCB12}.Debug|Any CPU.ActiveCfg = Debug|Any CPU
		{260A9785-8389-4E72-A91D-0ED14DFBCB12}.Debug|Any CPU.Build.0 = Debug|Any CPU
		{260A9785-8389-4E72-A91D-0ED14DFBCB12}.Release|Any CPU.ActiveCfg = Release|Any CPU
		{260A9785-8389-4E72-A91D-0ED14DFBCB12}.Release|Any CPU.Build.0 = Release|Any CPU
	EndGlobalSection
	GlobalSection(SolutionProperties) = preSolution
		HideSolutionNode = FALSE
	EndGlobalSection
	GlobalSection(NestedProjects) = preSolution
		{DBE6C0EC-E043-43D1-B3A3-CE599500AD38} = {7BDC2D25-EED2-4B3D-B4D8-9DC0C3F9A0E5}
		{886AF74A-73F4-48BD-8E23-2D18A834AC54} = {0A708342-7C8E-4915-90A5-D0C46A56FBCF}
		{260A9785-8389-4E72-A91D-0ED14DFBCB12} = {7BDC2D25-EED2-4B3D-B4D8-9DC0C3F9A0E5}
	EndGlobalSection
EndGlobal
